
Microsoft Visual Studio Solution File, Format Version 12.00
# Visual Studio Version 17
VisualStudioVersion = 17.2.32616.157
MinimumVisualStudioVersion = 10.0.40219.1
Project("{FAE04EC0-301F-11D3-BF4B-00C04F79EFBC}") = "SreamsCMSLF", "SreamsCMSLF\SreamsCMSLF.csproj", "{79FF5AC7-AE18-4039-957E-21FDD0E61E91}"
EndProject
Project("{FAE04EC0-301F-11D3-BF4B-00C04F79EFBC}") = "CmsStreams.Models", "CmsStreams.Models\CmsStreams.Models.csproj", "{A272A376-7361-423A-9E33-D839752412CE}"
EndProject
Global
	GlobalSection(SolutionConfigurationPlatforms) = preSolution
		Debug|Any CPU = Debug|Any CPU
		Release|Any CPU = Release|Any CPU
	EndGlobalSection
	GlobalSection(ProjectConfigurationPlatforms) = postSolution
		{79FF5AC7-AE18-4039-957E-21FDD0E61E91}.Debug|Any CPU.ActiveCfg = Debug|Any CPU
		{79FF5AC7-AE18-4039-957E-21FDD0E61E91}.Debug|Any CPU.Build.0 = Debug|Any CPU
		{79FF5AC7-AE18-4039-957E-21FDD0E61E91}.Release|Any CPU.ActiveCfg = Release|Any CPU
		{79FF5AC7-AE18-4039-957E-21FDD0E61E91}.Release|Any CPU.Build.0 = Release|Any CPU
		{A272A376-7361-423A-9E33-D839752412CE}.Debug|Any CPU.ActiveCfg = Debug|Any CPU
		{A272A376-7361-423A-9E33-D839752412CE}.Debug|Any CPU.Build.0 = Debug|Any CPU
		{A272A376-7361-423A-9E33-D839752412CE}.Release|Any CPU.ActiveCfg = Release|Any CPU
		{A272A376-7361-423A-9E33-D839752412CE}.Release|Any CPU.Build.0 = Release|Any CPU
	EndGlobalSection
	GlobalSection(SolutionProperties) = preSolution
		HideSolutionNode = FALSE
	EndGlobalSection
	GlobalSection(ExtensibilityGlobals) = postSolution
		SolutionGuid = {55B3DD0C-1973-4597-B303-5BF9731CE0F3}
	EndGlobalSection
EndGlobal
